#MicroXplorer Configuration settings - do not modify
#Thu Dec 26 23:55:53 GMT+04:00 2013
File.Version=1
KeepUserPlacement=true
Mcu.Family=STM32F1
Mcu.IP0=SYS
Mcu.IP1=TIM1
Mcu.IP2=TIM2
Mcu.IP3=TIM3
Mcu.IP4=TIM15
Mcu.IP5=TIM16
Mcu.IP6=USART1
Mcu.IPNb=7
Mcu.Name=STM32F100C(4-6)Tx
Mcu.Package=LQFP48
Mcu.Pin0=PD0-OSC_IN
Mcu.Pin1=PD1-OSC_OUT
Mcu.Pin10=PB10
Mcu.Pin11=PB11
Mcu.Pin12=PB13
Mcu.Pin13=PB14
Mcu.Pin14=PB15
Mcu.Pin15=PA8
Mcu.Pin16=PA9
Mcu.Pin17=PA10
Mcu.Pin18=PA11
Mcu.Pin19=PB8
Mcu.Pin2=PA0-WKUP
Mcu.Pin3=PA1
Mcu.Pin4=PA2
Mcu.Pin5=PA3
Mcu.Pin6=PA6
Mcu.Pin7=PA7
Mcu.Pin8=PB0
Mcu.Pin9=PB1
Mcu.PinsNb=20
PA0-WKUP.GPIOParameters=GPIO_Speed,GPIO_Mode
PA0-WKUP.GPIO_Mode=GPIO_Mode_AF_PP
PA0-WKUP.GPIO_Speed=GPIO_Speed_2MHz
PA0-WKUP.Mode=Forced-Output
PA0-WKUP.Signal=TIM2_CH1_ETR
PA1.GPIOParameters=GPIO_Speed,GPIO_Mode
PA1.GPIO_Mode=GPIO_Mode_AF_PP
PA1.GPIO_Speed=GPIO_Speed_2MHz
PA1.Mode=Forced-Output
PA1.Signal=TIM2_CH2
PA10.GPIOParameters=GPIO_Speed,GPIO_Mode
PA10.GPIO_Mode=GPIO_Mode_IPU
PA10.GPIO_Speed=GPIO_Speed_2MHz
PA10.Mode=Asynchronous
PA10.Signal=USART1_RX
PA11.GPIOParameters=GPIO_Speed,GPIO_Mode
PA11.GPIO_Mode=GPIO_Mode_AF_PP
PA11.GPIO_Speed=GPIO_Speed_2MHz
PA11.Signal=TIM1_CH4
PA2.GPIOParameters=GPIO_Speed,GPIO_Mode
PA2.GPIO_Mode=GPIO_Mode_AF_PP
PA2.GPIO_Speed=GPIO_Speed_2MHz
PA2.Mode=Forced-Output
PA2.Signal=TIM15_CH1
PA3.GPIOParameters=GPIO_Speed,GPIO_Mode
PA3.GPIO_Mode=GPIO_Mode_Out_PP
PA3.GPIO_Speed=GPIO_Speed_2MHz
PA3.Mode=Forced-Output
PA3.Signal=TIM15_CH2
PA6.GPIOParameters=GPIO_Speed,GPIO_Mode
PA6.GPIO_Mode=GPIO_Mode_AF_PP
PA6.GPIO_Speed=GPIO_Speed_2MHz
PA6.Mode=PWM-Generation
PA6.Signal=TIM3_CH1
PA7.GPIOParameters=GPIO_Speed,GPIO_Mode
PA7.GPIO_Mode=GPIO_Mode_AF_PP
PA7.GPIO_Speed=GPIO_Speed_2MHz
PA7.Mode=PWM-Generation
PA7.Signal=TIM3_CH2
PA8.GPIOParameters=GPIO_Speed,GPIO_Mode
PA8.GPIO_Mode=GPIO_Mode_AF_PP
PA8.GPIO_Speed=GPIO_Speed_2MHz
PA8.Mode=PWM-Input-1
PA8.Signal=TIM1_CH1
PA9.GPIOParameters=GPIO_Speed,GPIO_Mode
PA9.GPIO_Mode=GPIO_Mode_AF_PP
PA9.GPIO_Speed=GPIO_Speed_2MHz
PA9.Mode=Asynchronous
PA9.Signal=USART1_TX
PB0.GPIOParameters=GPIO_Speed,GPIO_Mode
PB0.GPIO_Mode=GPIO_Mode_AF_PP
PB0.GPIO_Speed=GPIO_Speed_2MHz
PB0.Mode=PWM-Generation
PB0.Signal=TIM3_CH3
PB1.GPIOParameters=GPIO_Speed,GPIO_Mode
PB1.GPIO_Mode=GPIO_Mode_AF_PP
PB1.GPIO_Speed=GPIO_Speed_2MHz
PB1.Mode=PWM-Generation
PB1.Signal=TIM3_CH4
PB10.GPIOParameters=GPIO_Speed,GPIO_Mode
PB10.GPIO_Mode=GPIO_Mode_AF_PP
PB10.GPIO_Speed=GPIO_Speed_2MHz
PB10.Mode=Forced-Output
PB10.Signal=TIM2_CH3
PB11.GPIOParameters=GPIO_Speed,GPIO_Mode
PB11.GPIO_Mode=GPIO_Mode_AF_PP
PB11.GPIO_Speed=GPIO_Speed_2MHz
PB11.Mode=Forced-Output
PB11.Signal=TIM2_CH4
PB13.GPIOParameters=GPIO_Speed,GPIO_Mode
PB13.GPIO_Mode=GPIO_Mode_AF_PP
PB13.GPIO_Speed=GPIO_Speed_2MHz
PB13.Signal=TIM1_CH1N
PB14.GPIOParameters=GPIO_Speed,GPIO_Mode
PB14.GPIO_Mode=GPIO_Mode_AF_PP
PB14.GPIO_Speed=GPIO_Speed_2MHz
PB14.Signal=TIM1_CH2N
PB15.GPIOParameters=GPIO_Speed,GPIO_Mode
PB15.GPIO_Mode=GPIO_Mode_AF_PP
PB15.GPIO_Speed=GPIO_Speed_2MHz
PB15.Signal=TIM1_CH3N
PB8.GPIOParameters=GPIO_Speed,GPIO_Mode
PB8.GPIO_Mode=GPIO_Mode_AF_PP
PB8.GPIO_Speed=GPIO_Speed_2MHz
PB8.Mode=Input-Capture
PB8.Signal=TIM16_CH1
PD0-OSC_IN.Mode=HSE-External-Oscillator
PD0-OSC_IN.Signal=SYS_OSC_IN
PD1-OSC_OUT.Mode=HSE-External-Oscillator
PD1-OSC_OUT.Signal=SYS_OSC_OUT
